// !$*UTF8*$!
{
	archiveVersion = 1;
	classes = {
	};
	objectVersion = 46;
	objects = {

/* Begin PBXBuildFile section */
		F2961E421F6DC99100EA3B5E /* main.m in Sources */ = {isa = PBXBuildFile; fileRef = F2961E411F6DC99100EA3B5E /* main.m */; };
		F2961E451F6DC99100EA3B5E /* AppDelegate.m in Sources */ = {isa = PBXBuildFile; fileRef = F2961E441F6DC99100EA3B5E /* AppDelegate.m */; };
		F2961E481F6DC99100EA3B5E /* ViewController.m in Sources */ = {isa = PBXBuildFile; fileRef = F2961E471F6DC99100EA3B5E /* ViewController.m */; };
		F2961E4B1F6DC99100EA3B5E /* Main.storyboard in Resources */ = {isa = PBXBuildFile; fileRef = F2961E491F6DC99100EA3B5E /* Main.storyboard */; };
		F2961E4D1F6DC99100EA3B5E /* Assets.xcassets in Resources */ = {isa = PBXBuildFile; fileRef = F2961E4C1F6DC99100EA3B5E /* Assets.xcassets */; };
		F2961E501F6DC99100EA3B5E /* LaunchScreen.storyboard in Resources */ = {isa = PBXBuildFile; fileRef = F2961E4E1F6DC99100EA3B5E /* LaunchScreen.storyboard */; };
		F2961E5B1F6DC99100EA3B5E /* HTMCameraTranslatorTests.m in Sources */ = {isa = PBXBuildFile; fileRef = F2961E5A1F6DC99100EA3B5E /* HTMCameraTranslatorTests.m */; };
		F2961E661F6DC99100EA3B5E /* HTMCameraTranslatorUITests.m in Sources */ = {isa = PBXBuildFile; fileRef = F2961E651F6DC99100EA3B5E /* HTMCameraTranslatorUITests.m */; };
/* End PBXBuildFile section */

/* Begin PBXContainerItemProxy section */
		F2961E571F6DC99100EA3B5E /* PBXContainerItemProxy */ = {
			isa = PBXContainerItemProxy;
			containerPortal = F2961E351F6DC99100EA3B5E /* Project object */;
			proxyType = 1;
			remoteGlobalIDString = F2961E3C1F6DC99100EA3B5E;
			remoteInfo = HTMCameraTranslator;
		};
		F2961E621F6DC99100EA3B5E /* PBXContainerItemProxy */ = {
			isa = PBXContainerItemProxy;
			containerPortal = F2961E351F6DC99100EA3B5E /* Project object */;
			proxyType = 1;
			remoteGlobalIDString = F2961E3C1F6DC99100EA3B5E;
			remoteInfo = HTMCameraTranslator;
		};
/* End PBXContainerItemProxy section */

/* Begin PBXFileReference section */
		F2961E3D1F6DC99100EA3B5E /* HTMCameraTranslator.app */ = {isa = PBXFileReference; explicitFileType = wrapper.application; includeInIndex = 0; path = HTMCameraTranslator.app; sourceTree = BUILT_PRODUCTS_DIR; };
		F2961E411F6DC99100EA3B5E /* main.m */ = {isa = PBXFileReference; lastKnownFileType = sourcecode.c.objc; path = main.m; sourceTree = "<group>"; };
		F2961E431F6DC99100EA3B5E /* AppDelegate.h */ = {isa = PBXFileReference; lastKnownFileType = sourcecode.c.h; path = AppDelegate.h; sourceTree = "<group>"; };
		F2961E441F6DC99100EA3B5E /* AppDelegate.m */ = {isa = PBXFileReference; lastKnownFileType = sourcecode.c.objc; path = AppDelegate.m; sourceTree = "<group>"; };
		F2961E461F6DC99100EA3B5E /* ViewController.h */ = {isa = PBXFileReference; lastKnownFileType = sourcecode.c.h; path = ViewController.h; sourceTree = "<group>"; };
		F2961E471F6DC99100EA3B5E /* ViewController.m */ = {isa = PBXFileReference; lastKnownFileType = sourcecode.c.objc; path = ViewController.m; sourceTree = "<group>"; };
		F2961E4A1F6DC99100EA3B5E /* Base */ = {isa = PBXFileReference; lastKnownFileType = file.storyboard; name = Base; path = Base.lproj/Main.storyboard; sourceTree = "<group>"; };
		F2961E4C1F6DC99100EA3B5E /* Assets.xcassets */ = {isa = PBXFileReference; lastKnownFileType = folder.assetcatalog; path = Assets.xcassets; sourceTree = "<group>"; };
		F2961E4F1F6DC99100EA3B5E /* Base */ = {isa = PBXFileReference; lastKnownFileType = file.storyboard; name = Base; path = Base.lproj/LaunchScreen.storyboard; sourceTree = "<group>"; };
		F2961E511F6DC99100EA3B5E /* Info.plist */ = {isa = PBXFileReference; lastKnownFileType = text.plist.xml; path = Info.plist; sourceTree = "<group>"; };
		F2961E561F6DC99100EA3B5E /* HTMCameraTranslatorTests.xctest */ = {isa = PBXFileReference; explicitFileType = wrapper.cfbundle; includeInIndex = 0; path = HTMCameraTranslatorTests.xctest; sourceTree = BUILT_PRODUCTS_DIR; };
		F2961E5A1F6DC99100EA3B5E /* HTMCameraTranslatorTests.m */ = {isa = PBXFileReference; lastKnownFileType = sourcecode.c.objc; path = HTMCameraTranslatorTests.m; sourceTree = "<group>"; };
		F2961E5C1F6DC99100EA3B5E /* Info.plist */ = {isa = PBXFileReference; lastKnownFileType = text.plist.xml; path = Info.plist; sourceTree = "<group>"; };
		F2961E611F6DC99100EA3B5E /* HTMCameraTranslatorUITests.xctest */ = {isa = PBXFileReference; explicitFileType = wrapper.cfbundle; includeInIndex = 0; path = HTMCameraTranslatorUITests.xctest; sourceTree = BUILT_PRODUCTS_DIR; };
		F2961E651F6DC99100EA3B5E /* HTMCameraTranslatorUITests.m */ = {isa = PBXFileReference; lastKnownFileType = sourcecode.c.objc; path = HTMCameraTranslatorUITests.m; sourceTree = "<group>"; };
		F2961E671F6DC99100EA3B5E /* Info.plist */ = {isa = PBXFileReference; lastKnownFileType = text.plist.xml; path = Info.plist; sourceTree = "<group>"; };
/* End PBXFileReference section */

/* Begin PBXFrameworksBuildPhase section */
		F2961E3A1F6DC99100EA3B5E /* Frameworks */ = {
			isa = PBXFrameworksBuildPhase;
			buildActionMask = 2147483647;
			files = (
			);
			runOnlyForDeploymentPostprocessing = 0;
		};
		F2961E531F6DC99100EA3B5E /* Frameworks */ = {
			isa = PBXFrameworksBuildPhase;
			buildActionMask = 2147483647;
			files = (
			);
			runOnlyForDeploymentPostprocessing = 0;
		};
		F2961E5E1F6DC99100EA3B5E /* Frameworks */ = {
			isa = PBXFrameworksBuildPhase;
			buildActionMask = 2147483647;
			files = (
			);
			runOnlyForDeploymentPostprocessing = 0;
		};
/* End PBXFrameworksBuildPhase section */

/* Begin PBXGroup section */
		F2961E341F6DC99100EA3B5E = {
			isa = PBXGroup;
			children = (
				F2961E3F1F6DC99100EA3B5E /* HTMCameraTranslator */,
				F2961E591F6DC99100EA3B5E /* HTMCameraTranslatorTests */,
				F2961E641F6DC99100EA3B5E /* HTMCameraTranslatorUITests */,
				F2961E3E1F6DC99100EA3B5E /* Products */,
			);
			sourceTree = "<group>";
		};
		F2961E3E1F6DC99100EA3B5E /* Products */ = {
			isa = PBXGroup;
			children = (
				F2961E3D1F6DC99100EA3B5E /* HTMCameraTranslator.app */,
				F2961E561F6DC99100EA3B5E /* HTMCameraTranslatorTests.xctest */,
				F2961E611F6DC99100EA3B5E /* HTMCameraTranslatorUITests.xctest */,
			);
			name = Products;
			sourceTree = "<group>";
		};
		F2961E3F1F6DC99100EA3B5E /* HTMCameraTranslator */ = {
			isa = PBXGroup;
			children = (
				F2961E431F6DC99100EA3B5E /* AppDelegate.h */,
				F2961E441F6DC99100EA3B5E /* AppDelegate.m */,
				F2961E461F6DC99100EA3B5E /* ViewController.h */,
				F2961E471F6DC99100EA3B5E /* ViewController.m */,
				F2961E491F6DC99100EA3B5E /* Main.storyboard */,
				F2961E4C1F6DC99100EA3B5E /* Assets.xcassets */,
				F2961E4E1F6DC99100EA3B5E /* LaunchScreen.storyboard */,
				F2961E511F6DC99100EA3B5E /* Info.plist */,
				F2961E401F6DC99100EA3B5E /* Supporting Files */,
			);
			path = HTMCameraTranslator;
			sourceTree = "<group>";
		};
		F2961E401F6DC99100EA3B5E /* Supporting Files */ = {
			isa = PBXGroup;
			children = (
				F2961E411F6DC99100EA3B5E /* main.m */,
			);
			name = "Supporting Files";
			sourceTree = "<group>";
		};
		F2961E591F6DC99100EA3B5E /* HTMCameraTranslatorTests */ = {
			isa = PBXGroup;
			children = (
				F2961E5A1F6DC99100EA3B5E /* HTMCameraTranslatorTests.m */,
				F2961E5C1F6DC99100EA3B5E /* Info.plist */,
			);
			path = HTMCameraTranslatorTests;
			sourceTree = "<group>";
		};
		F2961E641F6DC99100EA3B5E /* HTMCameraTranslatorUITests */ = {
			isa = PBXGroup;
			children = (
				F2961E651F6DC99100EA3B5E /* HTMCameraTranslatorUITests.m */,
				F2961E671F6DC99100EA3B5E /* Info.plist */,
			);
			path = HTMCameraTranslatorUITests;
			sourceTree = "<group>";
		};
/* End PBXGroup section */

/* Begin PBXNativeTarget section */
		F2961E3C1F6DC99100EA3B5E /* HTMCameraTranslator */ = {
			isa = PBXNativeTarget;
			buildConfigurationList = F2961E6A1F6DC99100EA3B5E /* Build configuration list for PBXNativeTarget "HTMCameraTranslator" */;
			buildPhases = (
				F2961E391F6DC99100EA3B5E /* Sources */,
				F2961E3A1F6DC99100EA3B5E /* Frameworks */,
				F2961E3B1F6DC99100EA3B5E /* Resources */,
			);
			buildRules = (
			);
			dependencies = (
			);
			name = HTMCameraTranslator;
			productName = HTMCameraTranslator;
			productReference = F2961E3D1F6DC99100EA3B5E /* HTMCameraTranslator.app */;
			productType = "com.apple.product-type.application";
		};
		F2961E551F6DC99100EA3B5E /* HTMCameraTranslatorTests */ = {
			isa = PBXNativeTarget;
			buildConfigurationList = F2961E6D1F6DC99100EA3B5E /* Build configuration list for PBXNativeTarget "HTMCameraTranslatorTests" */;
			buildPhases = (
				F2961E521F6DC99100EA3B5E /* Sources */,
				F2961E531F6DC99100EA3B5E /* Frameworks */,
				F2961E541F6DC99100EA3B5E /* Resources */,
			);
			buildRules = (
			);
			dependencies = (
				F2961E581F6DC99100EA3B5E /* PBXTargetDependency */,
			);
			name = HTMCameraTranslatorTests;
			productName = HTMCameraTranslatorTests;
			productReference = F2961E561F6DC99100EA3B5E /* HTMCameraTranslatorTests.xctest */;
			productType = "com.apple.product-type.bundle.unit-test";
		};
		F2961E601F6DC99100EA3B5E /* HTMCameraTranslatorUITests */ = {
			isa = PBXNativeTarget;
			buildConfigurationList = F2961E701F6DC99100EA3B5E /* Build configuration list for PBXNativeTarget "HTMCameraTranslatorUITests" */;
			buildPhases = (
				F2961E5D1F6DC99100EA3B5E /* Sources */,
				F2961E5E1F6DC99100EA3B5E /* Frameworks */,
				F2961E5F1F6DC99100EA3B5E /* Resources */,
			);
			buildRules = (
			);
			dependencies = (
				F2961E631F6DC99100EA3B5E /* PBXTargetDependency */,
			);
			name = HTMCameraTranslatorUITests;
			productName = HTMCameraTranslatorUITests;
			productReference = F2961E611F6DC99100EA3B5E /* HTMCameraTranslatorUITests.xctest */;
			productType = "com.apple.product-type.bundle.ui-testing";
		};
/* End PBXNativeTarget section */

/* Begin PBXProject section */
		F2961E351F6DC99100EA3B5E /* Project object */ = {
			isa = PBXProject;
			attributes = {
				LastUpgradeCheck = 0830;
				ORGANIZATIONNAME = "Quin Sykora";
				TargetAttributes = {
					F2961E3C1F6DC99100EA3B5E = {
						CreatedOnToolsVersion = 8.3.3;
						DevelopmentTeam = 9EU5CJ8BTB;
						ProvisioningStyle = Automatic;
					};
					F2961E551F6DC99100EA3B5E = {
						CreatedOnToolsVersion = 8.3.3;
						DevelopmentTeam = 9EU5CJ8BTB;
						ProvisioningStyle = Automatic;
						TestTargetID = F2961E3C1F6DC99100EA3B5E;
					};
					F2961E601F6DC99100EA3B5E = {
						CreatedOnToolsVersion = 8.3.3;
						DevelopmentTeam = 9EU5CJ8BTB;
						ProvisioningStyle = Automatic;
						TestTargetID = F2961E3C1F6DC99100EA3B5E;
					};
				};
			};
			buildConfigurationList = F2961E381F6DC99100EA3B5E /* Build configuration list for PBXProject "HTMCameraTranslator" */;
			compatibilityVersion = "Xcode 3.2";
			developmentRegion = English;
			hasScannedForEncodings = 0;
			knownRegions = (
				en,
				Base,
			);
			mainGroup = F2961E341F6DC99100EA3B5E;
			productRefGroup = F2961E3E1F6DC99100EA3B5E /* Products */;
			projectDirPath = "";
			projectRoot = "";
			targets = (
				F2961E3C1F6DC99100EA3B5E /* HTMCameraTranslator */,
				F2961E551F6DC99100EA3B5E /* HTMCameraTranslatorTests */,
				F2961E601F6DC99100EA3B5E /* HTMCameraTranslatorUITests */,
			);
		};
/* End PBXProject section */

/* Begin PBXResourcesBuildPhase section */
		F2961E3B1F6DC99100EA3B5E /* Resources */ = {
			isa = PBXResourcesBuildPhase;
			buildActionMask = 2147483647;
			files = (
				F2961E501F6DC99100EA3B5E /* LaunchScreen.storyboard in Resources */,
				F2961E4D1F6DC99100EA3B5E /* Assets.xcassets in Resources */,
				F2961E4B1F6DC99100EA3B5E /* Main.storyboard in Resources */,
			);
			runOnlyForDeploymentPostprocessing = 0;
		};
		F2961E541F6DC99100EA3B5E /* Resources */ = {
			isa = PBXResourcesBuildPhase;
			buildActionMask = 2147483647;
			files = (
			);
			runOnlyForDeploymentPostprocessing = 0;
		};
		F2961E5F1F6DC99100EA3B5E /* Resources */ = {
			isa = PBXResourcesBuildPhase;
			buildActionMask = 2147483647;
			files = (
			);
			runOnlyForDeploymentPostprocessing = 0;
		};
/* End PBXResourcesBuildPhase section */

/* Begin PBXSourcesBuildPhase section */
		F2961E391F6DC99100EA3B5E /* Sources */ = {
			isa = PBXSourcesBuildPhase;
			buildActionMask = 2147483647;
			files = (
				F2961E481F6DC99100EA3B5E /* ViewController.m in Sources */,
				F2961E451F6DC99100EA3B5E /* AppDelegate.m in Sources */,
				F2961E421F6DC99100EA3B5E /* main.m in Sources */,
			);
			runOnlyForDeploymentPostprocessing = 0;
		};
		F2961E521F6DC99100EA3B5E /* Sources */ = {
			isa = PBXSourcesBuildPhase;
			buildActionMask = 2147483647;
			files = (
				F2961E5B1F6DC99100EA3B5E /* HTMCameraTranslatorTests.m in Sources */,
			);
			runOnlyForDeploymentPostprocessing = 0;
		};
		F2961E5D1F6DC99100EA3B5E /* Sources */ = {
			isa = PBXSourcesBuildPhase;
			buildActionMask = 2147483647;
			files = (
				F2961E661F6DC99100EA3B5E /* HTMCameraTranslatorUITests.m in Sources */,
			);
			runOnlyForDeploymentPostprocessing = 0;
		};
/* End PBXSourcesBuildPhase section */

/* Begin PBXTargetDependency section */
		F2961E581F6DC99100EA3B5E /* PBXTargetDependency */ = {
			isa = PBXTargetDependency;
			target = F2961E3C1F6DC99100EA3B5E /* HTMCameraTranslator */;
			targetProxy = F2961E571F6DC99100EA3B5E /* PBXContainerItemProxy */;
		};
		F2961E631F6DC99100EA3B5E /* PBXTargetDependency */ = {
			isa = PBXTargetDependency;
			target = F2961E3C1F6DC99100EA3B5E /* HTMCameraTranslator */;
			targetProxy = F2961E621F6DC99100EA3B5E /* PBXContainerItemProxy */;
		};
/* End PBXTargetDependency section */

/* Begin PBXVariantGroup section */
		F2961E491F6DC99100EA3B5E /* Main.storyboard */ = {
			isa = PBXVariantGroup;
			children = (
				F2961E4A1F6DC99100EA3B5E /* Base */,
			);
			name = Main.storyboard;
			sourceTree = "<group>";
		};
		F2961E4E1F6DC99100EA3B5E /* LaunchScreen.storyboard */ = {
			isa = PBXVariantGroup;
			children = (
				F2961E4F1F6DC99100EA3B5E /* Base */,
			);
			name = LaunchScreen.storyboard;
			sourceTree = "<group>";
		};
/* End PBXVariantGroup section */

/* Begin XCBuildConfiguration section */
		F2961E681F6DC99100EA3B5E /* Debug */ = {
			isa = XCBuildConfiguration;
			buildSettings = {
				ALWAYS_SEARCH_USER_PATHS = NO;
				CLANG_ANALYZER_NONNULL = YES;
				CLANG_ANALYZER_NUMBER_OBJECT_CONVERSION = YES_AGGRESSIVE;
				CLANG_CXX_LANGUAGE_STANDARD = "gnu++0x";
				CLANG_CXX_LIBRARY = "libc++";
				CLANG_ENABLE_MODULES = YES;
				CLANG_ENABLE_OBJC_ARC = YES;
				CLANG_WARN_BOOL_CONVERSION = YES;
				CLANG_WARN_CONSTANT_CONVERSION = YES;
				CLANG_WARN_DIRECT_OBJC_ISA_USAGE = YES_ERROR;
				CLANG_WARN_DOCUMENTATION_COMMENTS = YES;
				CLANG_WARN_EMPTY_BODY = YES;
				CLANG_WARN_ENUM_CONVERSION = YES;
				CLANG_WARN_INFINITE_RECURSION = YES;
				CLANG_WARN_INT_CONVERSION = YES;
				CLANG_WARN_OBJC_ROOT_CLASS = YES_ERROR;
				CLANG_WARN_SUSPICIOUS_MOVE = YES;
				CLANG_WARN_UNREACHABLE_CODE = YES;
				CLANG_WARN__DUPLICATE_METHOD_MATCH = YES;
				"CODE_SIGN_IDENTITY[sdk=iphoneos*]" = "iPhone Developer";
				COPY_PHASE_STRIP = NO;
				DEBUG_INFORMATION_FORMAT = dwarf;
				ENABLE_STRICT_OBJC_MSGSEND = YES;
				ENABLE_TESTABILITY = YES;
				GCC_C_LANGUAGE_STANDARD = gnu99;
				GCC_DYNAMIC_NO_PIC = NO;
				GCC_NO_COMMON_BLOCKS = YES;
				GCC_OPTIMIZATION_LEVEL = 0;
				GCC_PREPROCESSOR_DEFINITIONS = (
					"DEBUG=1",
					"$(inherited)",
				);
				GCC_WARN_64_TO_32_BIT_CONVERSION = YES;
				GCC_WARN_ABOUT_RETURN_TYPE = YES_ERROR;
				GCC_WARN_UNDECLARED_SELECTOR = YES;
				GCC_WARN_UNINITIALIZED_AUTOS = YES_AGGRESSIVE;
				GCC_WARN_UNUSED_FUNCTION = YES;
				GCC_WARN_UNUSED_VARIABLE = YES;
				IPHONEOS_DEPLOYMENT_TARGET = 10.3;
				MTL_ENABLE_DEBUG_INFO = YES;
				ONLY_ACTIVE_ARCH = YES;
				SDKROOT = iphoneos;
			};
			name = Debug;
		};
		F2961E691F6DC99100EA3B5E /* Release */ = {
			isa = XCBuildConfiguration;
			buildSettings = {
				ALWAYS_SEARCH_USER_PATHS = NO;
				CLANG_ANALYZER_NONNULL = YES;
				CLANG_ANALYZER_NUMBER_OBJECT_CONVERSION = YES_AGGRESSIVE;
				CLANG_CXX_LANGUAGE_STANDARD = "gnu++0x";
				CLANG_CXX_LIBRARY = "libc++";
				CLANG_ENABLE_MODULES = YES;
				CLANG_ENABLE_OBJC_ARC = YES;
				CLANG_WARN_BOOL_CONVERSION = YES;
				CLANG_WARN_CONSTANT_CONVERSION = YES;
				CLANG_WARN_DIRECT_OBJC_ISA_USAGE = YES_ERROR;
				CLANG_WARN_DOCUMENTATION_COMMENTS = YES;
				CLANG_WARN_EMPTY_BODY = YES;
				CLANG_WARN_ENUM_CONVERSION = YES;
				CLANG_WARN_INFINITE_RECURSION = YES;
				CLANG_WARN_INT_CONVERSION = YES;
				CLANG_WARN_OBJC_ROOT_CLASS = YES_ERROR;
				CLANG_WARN_SUSPICIOUS_MOVE = YES;
				CLANG_WARN_UNREACHABLE_CODE = YES;
				CLANG_WARN__DUPLICATE_METHOD_MATCH = YES;
				"CODE_SIGN_IDENTITY[sdk=iphoneos*]" = "iPhone Developer";
				COPY_PHASE_STRIP = NO;
				DEBUG_INFORMATION_FORMAT = "dwarf-with-dsym";
				ENABLE_NS_ASSERTIONS = NO;
				ENABLE_STRICT_OBJC_MSGSEND = YES;
				GCC_C_LANGUAGE_STANDARD = gnu99;
				GCC_NO_COMMON_BLOCKS = YES;
				GCC_WARN_64_TO_32_BIT_CONVERSION = YES;
				GCC_WARN_ABOUT_RETURN_TYPE = YES_ERROR;
				GCC_WARN_UNDECLARED_SELECTOR = YES;
				GCC_WARN_UNINITIALIZED_AUTOS = YES_AGGRESSIVE;
				GCC_WARN_UNUSED_FUNCTION = YES;
				GCC_WARN_UNUSED_VARIABLE = YES;
				IPHONEOS_DEPLOYMENT_TARGET = 10.3;
				MTL_ENABLE_DEBUG_INFO = NO;
				SDKROOT = iphoneos;
				VALIDATE_PRODUCT = YES;
			};
			name = Release;
		};
		F2961E6B1F6DC99100EA3B5E /* Debug */ = {
			isa = XCBuildConfiguration;
			buildSettings = {
				ASSETCATALOG_COMPILER_APPICON_NAME = AppIcon;
				DEVELOPMENT_TEAM = 9EU5CJ8BTB;
				INFOPLIST_FILE = HTMCameraTranslator/Info.plist;
				LD_RUNPATH_SEARCH_PATHS = "$(inherited) @executable_path/Frameworks";
				PRODUCT_BUNDLE_IDENTIFIER = com.example.HTMCameraTranslator;
				PRODUCT_NAME = "$(TARGET_NAME)";
			};
			name = Debug;
		};
		F2961E6C1F6DC99100EA3B5E /* Release */ = {
			isa = XCBuildConfiguration;
			buildSettings = {
				ASSETCATALOG_COMPILER_APPICON_NAME = AppIcon;
				DEVELOPMENT_TEAM = 9EU5CJ8BTB;
				INFOPLIST_FILE = HTMCameraTranslator/Info.plist;
				LD_RUNPATH_SEARCH_PATHS = "$(inherited) @executable_path/Frameworks";
				PRODUCT_BUNDLE_IDENTIFIER = com.example.HTMCameraTranslator;
				PRODUCT_NAME = "$(TARGET_NAME)";
			};
			name = Release;
		};
		F2961E6E1F6DC99100EA3B5E /* Debug */ = {
			isa = XCBuildConfiguration;
			buildSettings = {
				BUNDLE_LOADER = "$(TEST_HOST)";
				DEVELOPMENT_TEAM = 9EU5CJ8BTB;
				INFOPLIST_FILE = HTMCameraTranslatorTests/Info.plist;
				LD_RUNPATH_SEARCH_PATHS = "$(inherited) @executable_path/Frameworks @loader_path/Frameworks";
				PRODUCT_BUNDLE_IDENTIFIER = com.example.HTMCameraTranslatorTests;
				PRODUCT_NAME = "$(TARGET_NAME)";
				TEST_HOST = "$(BUILT_PRODUCTS_DIR)/HTMCameraTranslator.app/HTMCameraTranslator";
			};
			name = Debug;
		};
		F2961E6F1F6DC99100EA3B5E /* Release */ = {
			isa = XCBuildConfiguration;
			buildSettings = {
				BUNDLE_LOADER = "$(TEST_HOST)";
				DEVELOPMENT_TEAM = 9EU5CJ8BTB;
				INFOPLIST_FILE = HTMCameraTranslatorTests/Info.plist;
				LD_RUNPATH_SEARCH_PATHS = "$(inherited) @executable_path/Frameworks @loader_path/Frameworks";
				PRODUCT_BUNDLE_IDENTIFIER = com.example.HTMCameraTranslatorTests;
				PRODUCT_NAME = "$(TARGET_NAME)";
				TEST_HOST = "$(BUILT_PRODUCTS_DIR)/HTMCameraTranslator.app/HTMCameraTranslator";
			};
			name = Release;
		};
		F2961E711F6DC99100EA3B5E /* Debug */ = {
			isa = XCBuildConfiguration;
			buildSettings = {
				DEVELOPMENT_TEAM = 9EU5CJ8BTB;
				INFOPLIST_FILE = HTMCameraTranslatorUITests/Info.plist;
				LD_RUNPATH_SEARCH_PATHS = "$(inherited) @executable_path/Frameworks @loader_path/Frameworks";
				PRODUCT_BUNDLE_IDENTIFIER = com.example.HTMCameraTranslatorUITests;
				PRODUCT_NAME = "$(TARGET_NAME)";
				TEST_TARGET_NAME = HTMCameraTranslator;
			};
			name = Debug;
		};
		F2961E721F6DC99100EA3B5E /* Release */ = {
			isa = XCBuildConfiguration;
			buildSettings = {
				DEVELOPMENT_TEAM = 9EU5CJ8BTB;
				INFOPLIST_FILE = HTMCameraTranslatorUITests/Info.plist;
				LD_RUNPATH_SEARCH_PATHS = "$(inherited) @executable_path/Frameworks @loader_path/Frameworks";
				PRODUCT_BUNDLE_IDENTIFIER = com.example.HTMCameraTranslatorUITests;
				PRODUCT_NAME = "$(TARGET_NAME)";
				TEST_TARGET_NAME = HTMCameraTranslator;
			};
			name = Release;
		};
/* End XCBuildConfiguration section */

/* Begin XCConfigurationList section */
		F2961E381F6DC99100EA3B5E /* Build configuration list for PBXProject "HTMCameraTranslator" */ = {
			isa = XCConfigurationList;
			buildConfigurations = (
				F2961E681F6DC99100EA3B5E /* Debug */,
				F2961E691F6DC99100EA3B5E /* Release */,
			);
			defaultConfigurationIsVisible = 0;
			defaultConfigurationName = Release;
		};
		F2961E6A1F6DC99100EA3B5E /* Build configuration list for PBXNativeTarget "HTMCameraTranslator" */ = {
			isa = XCConfigurationList;
			buildConfigurations = (
				F2961E6B1F6DC99100EA3B5E /* Debug */,
				F2961E6C1F6DC99100EA3B5E /* Release */,
			);
			defaultConfigurationIsVisible = 0;
		};
		F2961E6D1F6DC99100EA3B5E /* Build configuration list for PBXNativeTarget "HTMCameraTranslatorTests" */ = {
			isa = XCConfigurationList;
			buildConfigurations = (
				F2961E6E1F6DC99100EA3B5E /* Debug */,
				F2961E6F1F6DC99100EA3B5E /* Release */,
			);
			defaultConfigurationIsVisible = 0;
		};
		F2961E701F6DC99100EA3B5E /* Build configuration list for PBXNativeTarget "HTMCameraTranslatorUITests" */ = {
			isa = XCConfigurationList;
			buildConfigurations = (
				F2961E711F6DC99100EA3B5E /* Debug */,
				F2961E721F6DC99100EA3B5E /* Release */,
			);
			defaultConfigurationIsVisible = 0;
		};
/* End XCConfigurationList section */
	};
	rootObject = F2961E351F6DC99100EA3B5E /* Project object */;
}
